
Microsoft Visual Studio Solution File, Format Version 12.00
# Visual Studio 15
VisualStudioVersion = 15.0.28307.489
MinimumVisualStudioVersion = 10.0.40219.1
Project("{FAE04EC0-301F-11D3-BF4B-00C04F79EFBC}") = "ButtonCalculator", "ButtonCalculator\ButtonCalculator.csproj", "{CC0AAB0D-F60D-47F0-9E9B-03D46D1740C6}"
EndProject
Global
	GlobalSection(SolutionConfigurationPlatforms) = preSolution
		Debug|Any CPU = Debug|Any CPU
		Release|Any CPU = Release|Any CPU
	EndGlobalSection
	GlobalSection(ProjectConfigurationPlatforms) = postSolution
		{CC0AAB0D-F60D-47F0-9E9B-03D46D1740C6}.Debug|Any CPU.ActiveCfg = Debug|Any CPU
		{CC0AAB0D-F60D-47F0-9E9B-03D46D1740C6}.Debug|Any CPU.Build.0 = Debug|Any CPU
		{CC0AAB0D-F60D-47F0-9E9B-03D46D1740C6}.Release|Any CPU.ActiveCfg = Release|Any CPU
		{CC0AAB0D-F60D-47F0-9E9B-03D46D1740C6}.Release|Any CPU.Build.0 = Release|Any CPU
	EndGlobalSection
	GlobalSection(SolutionProperties) = preSolution
		HideSolutionNode = FALSE
	EndGlobalSection
	GlobalSection(ExtensibilityGlobals) = postSolution
		SolutionGuid = {5134DC23-0F71-44D1-A7C3-D4F5A8E17FAC}
	EndGlobalSection
EndGlobal
